
Microsoft Visual Studio Solution File, Format Version 12.00
# Visual Studio 15
VisualStudioVersion = 15.0.28307.705
MinimumVisualStudioVersion = 10.0.40219.1
Project("{9A19103F-16F7-4668-BE54-9A1E7A4F7556}") = "MVC_Example", "MVC_Example\MVC_Example.csproj", "{0CFBA840-85B7-4B04-8B5F-AD2474BF9D56}"
EndProject
Project("{FAE04EC0-301F-11D3-BF4B-00C04F79EFBC}") = "MyGateway", "MyGateway\MyGateway.csproj", "{B1FAB12C-58EB-438B-A70F-D18B7FED0A19}"
EndProject
Global
	GlobalSection(SolutionConfigurationPlatforms) = preSolution
		Debug|Any CPU = Debug|Any CPU
		Release|Any CPU = Release|Any CPU
	EndGlobalSection
	GlobalSection(ProjectConfigurationPlatforms) = postSolution
		{0CFBA840-85B7-4B04-8B5F-AD2474BF9D56}.Debug|Any CPU.ActiveCfg = Debug|Any CPU
		{0CFBA840-85B7-4B04-8B5F-AD2474BF9D56}.Debug|Any CPU.Build.0 = Debug|Any CPU
		{0CFBA840-85B7-4B04-8B5F-AD2474BF9D56}.Release|Any CPU.ActiveCfg = Release|Any CPU
		{0CFBA840-85B7-4B04-8B5F-AD2474BF9D56}.Release|Any CPU.Build.0 = Release|Any CPU
		{B1FAB12C-58EB-438B-A70F-D18B7FED0A19}.Debug|Any CPU.ActiveCfg = Debug|Any CPU
		{B1FAB12C-58EB-438B-A70F-D18B7FED0A19}.Debug|Any CPU.Build.0 = Debug|Any CPU
		{B1FAB12C-58EB-438B-A70F-D18B7FED0A19}.Release|Any CPU.ActiveCfg = Release|Any CPU
		{B1FAB12C-58EB-438B-A70F-D18B7FED0A19}.Release|Any CPU.Build.0 = Release|Any CPU
	EndGlobalSection
	GlobalSection(SolutionProperties) = preSolution
		HideSolutionNode = FALSE
	EndGlobalSection
	GlobalSection(ExtensibilityGlobals) = postSolution
		SolutionGuid = {3C731334-BAD1-4998-AFA5-680A298476A4}
	EndGlobalSection
EndGlobal
